<?xml version="1.0" encoding="utf-8"?>
<Project ToolsVersion="4.0" xmlns="http://schemas.microsoft.com/developer/msbuild/2003">
  <ItemGroup>
    <Filter Include="Source Files">
      <UniqueIdentifier>{4FC737F1-C7A5-4376-A066-2A32D752A2FF}</UniqueIdentifier>
      <Extensions>cpp;c;cc;cxx;def;odl;idl;hpj;bat;asm;asmx</Extensions>
    </Filter>
    <Filter Include="Header Files">
      <UniqueIdentifier>{93995380-89BD-4b04-88EB-625FBE52EBFB}</UniqueIdentifier>
      <Extensions>h;hh;hpp;hxx;hm;inl;inc;ipp;xsd</Extensions>
    </Filter>
    <Filter Include="Example Code">
      <UniqueIdentifier>{49538efa-2aee-4d87-b3b4-a185ca194367}</UniqueIdentifier>
    </Filter>
    <Filter Include="Waveforms">
      <UniqueIdentifier>{6c0d0499-17a6-41e4-9140-4afa6c172a6a}</UniqueIdentifier>
    </Filter>
  </ItemGroup>
  <ItemGroup>
    <ClInclude Include="include\STM32F0_ADC.h">
      <Filter>Header Files</Filter>
    </ClInclude>
    <ClInclude Include="include\STM32F0_GPIO.h">
      <Filter>Header Files</Filter>
    </ClInclude>
    <ClInclude Include="include\STM32F0_I2C.h">
      <Filter>Header Files</Filter>
    </ClInclude>
    <ClInclude Include="include\STM32F0_INTERRUPTS.h">
      <Filter>Header Files</Filter>
    </ClInclude>
    <ClInclude Include="include\STM32F0_LCD.h">
      <Filter>Header Files</Filter>
    </ClInclude>
    <ClInclude Include="include\STM32F0_OTHER.h">
      <Filter>Header Files</Filter>
    </ClInclude>
    <ClInclude Include="include\STM32F0_TIM.h">
      <Filter>Header Files</Filter>
    </ClInclude>
    <ClInclude Include="include\STM32F0_UCTDEV.h">
      <Filter>Header Files</Filter>
    </ClInclude>
    <ClInclude Include="include\STM32F0_UTIL.h">
      <Filter>Header Files</Filter>
    </ClInclude>
    <ClInclude Include="include\stm32f0xx.h">
      <Filter>Header Files</Filter>
    </ClInclude>
    <ClInclude Include="include\STM32F0_SPI.h">
      <Filter>Header Files</Filter>
    </ClInclude>
    <ClInclude Include="include\STM32F0_DAC.h">
      <Filter>Header Files</Filter>
    </ClInclude>
    <ClInclude Include="waveforms\WAVE_SINE256.h">
      <Filter>Waveforms</Filter>
    </ClInclude>
    <ClInclude Include="include\STM32F0_DMA.h">
      <Filter>Header Files</Filter>
    </ClInclude>
    <ClInclude Include="waveforms\WAVE_TABLE_MOUNTAIN.h">
      <Filter>Waveforms</Filter>
    </ClInclude>
  </ItemGroup>
  <ItemGroup>
    <ClCompile Include="src\STM32F0_ADC.c">
      <Filter>Source Files</Filter>
    </ClCompile>
    <ClCompile Include="src\STM32F0_GPIO.c">
      <Filter>Source Files</Filter>
    </ClCompile>
    <ClCompile Include="src\STM32F0_I2C.c">
      <Filter>Source Files</Filter>
    </ClCompile>
    <ClCompile Include="src\STM32F0_INTERRUPTS.c">
      <Filter>Source Files</Filter>
    </ClCompile>
    <ClCompile Include="src\STM32F0_LCD.c">
      <Filter>Source Files</Filter>
    </ClCompile>
    <ClCompile Include="src\STM32F0_OTHER.c">
      <Filter>Source Files</Filter>
    </ClCompile>
    <ClCompile Include="src\STM32F0_TIM.c">
      <Filter>Source Files</Filter>
    </ClCompile>
    <ClCompile Include="src\STM32F0_UCTDEV.c">
      <Filter>Source Files</Filter>
    </ClCompile>
    <ClCompile Include="src\__TEMPLATE.c">
      <Filter>Source Files</Filter>
    </ClCompile>
    <ClCompile Include="src\STM32F0_SPI.c">
      <Filter>Source Files</Filter>
    </ClCompile>
    <ClCompile Include="example code\self_test.c">
      <Filter>Example Code</Filter>
    </ClCompile>
    <ClCompile Include="src\STM32F0_DAC.c">
      <Filter>Source Files</Filter>
    </ClCompile>
    <ClCompile Include="src\STM32F0_DMA.c">
      <Filter>Source Files</Filter>
    </ClCompile>
  </ItemGroup>
</Project>