
Microsoft Visual Studio Solution File, Format Version 12.00
# Visual Studio 15
VisualStudioVersion = 15.0.27428.2043
MinimumVisualStudioVersion = 10.0.40219.1
Project("{8BC9CEB8-8B4A-11D0-8D11-00A0C91BC942}") = "STM32F0-Utilities", "STM32F0-Utilities\STM32F0-Utilities.vcxproj", "{BBC63BF2-CFA2-4CEC-B47F-C18E02807AF7}"
EndProject
Global
	GlobalSection(SolutionConfigurationPlatforms) = preSolution
		Debug|x64 = Debug|x64
		Debug|x86 = Debug|x86
		Release|x64 = Release|x64
		Release|x86 = Release|x86
	EndGlobalSection
	GlobalSection(ProjectConfigurationPlatforms) = postSolution
		{BBC63BF2-CFA2-4CEC-B47F-C18E02807AF7}.Debug|x64.ActiveCfg = Debug|x64
		{BBC63BF2-CFA2-4CEC-B47F-C18E02807AF7}.Debug|x64.Build.0 = Debug|x64
		{BBC63BF2-CFA2-4CEC-B47F-C18E02807AF7}.Debug|x86.ActiveCfg = Debug|Win32
		{BBC63BF2-CFA2-4CEC-B47F-C18E02807AF7}.Debug|x86.Build.0 = Debug|Win32
		{BBC63BF2-CFA2-4CEC-B47F-C18E02807AF7}.Release|x64.ActiveCfg = Release|x64
		{BBC63BF2-CFA2-4CEC-B47F-C18E02807AF7}.Release|x64.Build.0 = Release|x64
		{BBC63BF2-CFA2-4CEC-B47F-C18E02807AF7}.Release|x86.ActiveCfg = Release|Win32
		{BBC63BF2-CFA2-4CEC-B47F-C18E02807AF7}.Release|x86.Build.0 = Release|Win32
	EndGlobalSection
	GlobalSection(SolutionProperties) = preSolution
		HideSolutionNode = FALSE
	EndGlobalSection
	GlobalSection(ExtensibilityGlobals) = postSolution
		SolutionGuid = {E759D35D-7D47-48B7-AE2F-7F2106EC50A6}
	EndGlobalSection
EndGlobal
